
Microsoft Visual Studio Solution File, Format Version 12.00
# Visual Studio 15
VisualStudioVersion = 15.0.27703.2047
MinimumVisualStudioVersion = 10.0.40219.1
Project("{FAE04EC0-301F-11D3-BF4B-00C04F79EFBC}") = "BaseXamarinApp.Android", "BaseXamarinApp\BaseXamarinApp.Android\BaseXamarinApp.Android.csproj", "{1A7A0D16-814E-41BF-91BE-AE2C20C7E78A}"
EndProject
Project("{FAE04EC0-301F-11D3-BF4B-00C04F79EFBC}") = "BaseXamarinApp.iOS", "BaseXamarinApp\BaseXamarinApp.iOS\BaseXamarinApp.iOS.csproj", "{ABA434EB-A4CB-4D71-9C03-C5C235CAC224}"
EndProject
Project("{FAE04EC0-301F-11D3-BF4B-00C04F79EFBC}") = "BaseXamarinApp.UWP", "BaseXamarinApp\BaseXamarinApp.UWP\BaseXamarinApp.UWP.csproj", "{76836D8A-D602-411F-827B-9EEFAB6E4B4A}"
EndProject
Project("{FAE04EC0-301F-11D3-BF4B-00C04F79EFBC}") = "BaseXamarinApp", "BaseXamarinApp\BaseXamarinApp\BaseXamarinApp.csproj", "{D68F10CA-DBE9-4473-8041-99E01E15D3CA}"
EndProject
Project("{FAE04EC0-301F-11D3-BF4B-00C04F79EFBC}") = "DataAccess", "DataAccess\DataAccess.csproj", "{4536E8C4-E3E4-482D-B612-B29E065BCAA5}"
EndProject
Project("{FAE04EC0-301F-11D3-BF4B-00C04F79EFBC}") = "Business", "Business\Business.csproj", "{B9B569CE-67C4-4C66-A801-5BBB72583D0F}"
EndProject
Project("{FAE04EC0-301F-11D3-BF4B-00C04F79EFBC}") = "Presentation", "Presentation\Presentation.csproj", "{05DFEFFC-E740-4365-AFFB-FB6309320C80}"
EndProject
Project("{FAE04EC0-301F-11D3-BF4B-00C04F79EFBC}") = "Shared", "Shared\Shared.csproj", "{9920B10B-05AA-424B-8373-9112018FDC44}"
EndProject
Global
	GlobalSection(SolutionConfigurationPlatforms) = preSolution
		Ad-Hoc|Any CPU = Ad-Hoc|Any CPU
		Ad-Hoc|ARM = Ad-Hoc|ARM
		Ad-Hoc|iPhone = Ad-Hoc|iPhone
		Ad-Hoc|iPhoneSimulator = Ad-Hoc|iPhoneSimulator
		Ad-Hoc|x64 = Ad-Hoc|x64
		Ad-Hoc|x86 = Ad-Hoc|x86
		AppStore|Any CPU = AppStore|Any CPU
		AppStore|ARM = AppStore|ARM
		AppStore|iPhone = AppStore|iPhone
		AppStore|iPhoneSimulator = AppStore|iPhoneSimulator
		AppStore|x64 = AppStore|x64
		AppStore|x86 = AppStore|x86
		Debug|Any CPU = Debug|Any CPU
		Debug|ARM = Debug|ARM
		Debug|iPhone = Debug|iPhone
		Debug|iPhoneSimulator = Debug|iPhoneSimulator
		Debug|x64 = Debug|x64
		Debug|x86 = Debug|x86
		Release|Any CPU = Release|Any CPU
		Release|ARM = Release|ARM
		Release|iPhone = Release|iPhone
		Release|iPhoneSimulator = Release|iPhoneSimulator
		Release|x64 = Release|x64
		Release|x86 = Release|x86
	EndGlobalSection
	GlobalSection(ProjectConfigurationPlatforms) = postSolution
		{1A7A0D16-814E-41BF-91BE-AE2C20C7E78A}.Ad-Hoc|Any CPU.ActiveCfg = Release|Any CPU
		{1A7A0D16-814E-41BF-91BE-AE2C20C7E78A}.Ad-Hoc|Any CPU.Build.0 = Release|Any CPU
		{1A7A0D16-814E-41BF-91BE-AE2C20C7E78A}.Ad-Hoc|Any CPU.Deploy.0 = Release|Any CPU
		{1A7A0D16-814E-41BF-91BE-AE2C20C7E78A}.Ad-Hoc|ARM.ActiveCfg = Release|Any CPU
		{1A7A0D16-814E-41BF-91BE-AE2C20C7E78A}.Ad-Hoc|ARM.Build.0 = Release|Any CPU
		{1A7A0D16-814E-41BF-91BE-AE2C20C7E78A}.Ad-Hoc|ARM.Deploy.0 = Release|Any CPU
		{1A7A0D16-814E-41BF-91BE-AE2C20C7E78A}.Ad-Hoc|iPhone.ActiveCfg = Release|Any CPU
		{1A7A0D16-814E-41BF-91BE-AE2C20C7E78A}.Ad-Hoc|iPhone.Build.0 = Release|Any CPU
		{1A7A0D16-814E-41BF-91BE-AE2C20C7E78A}.Ad-Hoc|iPhone.Deploy.0 = Release|Any CPU
		{1A7A0D16-814E-41BF-91BE-AE2C20C7E78A}.Ad-Hoc|iPhoneSimulator.ActiveCfg = Release|Any CPU
		{1A7A0D16-814E-41BF-91BE-AE2C20C7E78A}.Ad-Hoc|iPhoneSimulator.Build.0 = Release|Any CPU
		{1A7A0D16-814E-41BF-91BE-AE2C20C7E78A}.Ad-Hoc|iPhoneSimulator.Deploy.0 = Release|Any CPU
		{1A7A0D16-814E-41BF-91BE-AE2C20C7E78A}.Ad-Hoc|x64.ActiveCfg = Release|Any CPU
		{1A7A0D16-814E-41BF-91BE-AE2C20C7E78A}.Ad-Hoc|x64.Build.0 = Release|Any CPU
		{1A7A0D16-814E-41BF-91BE-AE2C20C7E78A}.Ad-Hoc|x64.Deploy.0 = Release|Any CPU
		{1A7A0D16-814E-41BF-91BE-AE2C20C7E78A}.Ad-Hoc|x86.ActiveCfg = Release|Any CPU
		{1A7A0D16-814E-41BF-91BE-AE2C20C7E78A}.Ad-Hoc|x86.Build.0 = Release|Any CPU
		{1A7A0D16-814E-41BF-91BE-AE2C20C7E78A}.Ad-Hoc|x86.Deploy.0 = Release|Any CPU
		{1A7A0D16-814E-41BF-91BE-AE2C20C7E78A}.AppStore|Any CPU.ActiveCfg = Release|Any CPU
		{1A7A0D16-814E-41BF-91BE-AE2C20C7E78A}.AppStore|Any CPU.Build.0 = Release|Any CPU
		{1A7A0D16-814E-41BF-91BE-AE2C20C7E78A}.AppStore|Any CPU.Deploy.0 = Release|Any CPU
		{1A7A0D16-814E-41BF-91BE-AE2C20C7E78A}.AppStore|ARM.ActiveCfg = Release|Any CPU
		{1A7A0D16-814E-41BF-91BE-AE2C20C7E78A}.AppStore|ARM.Build.0 = Release|Any CPU
		{1A7A0D16-814E-41BF-91BE-AE2C20C7E78A}.AppStore|ARM.Deploy.0 = Release|Any CPU
		{1A7A0D16-814E-41BF-91BE-AE2C20C7E78A}.AppStore|iPhone.ActiveCfg = Release|Any CPU
		{1A7A0D16-814E-41BF-91BE-AE2C20C7E78A}.AppStore|iPhone.Build.0 = Release|Any CPU
		{1A7A0D16-814E-41BF-91BE-AE2C20C7E78A}.AppStore|iPhone.Deploy.0 = Release|Any CPU
		{1A7A0D16-814E-41BF-91BE-AE2C20C7E78A}.AppStore|iPhoneSimulator.ActiveCfg = Release|Any CPU
		{1A7A0D16-814E-41BF-91BE-AE2C20C7E78A}.AppStore|iPhoneSimulator.Build.0 = Release|Any CPU
		{1A7A0D16-814E-41BF-91BE-AE2C20C7E78A}.AppStore|iPhoneSimulator.Deploy.0 = Release|Any CPU
		{1A7A0D16-814E-41BF-91BE-AE2C20C7E78A}.AppStore|x64.ActiveCfg = Release|Any CPU
		{1A7A0D16-814E-41BF-91BE-AE2C20C7E78A}.AppStore|x64.Build.0 = Release|Any CPU
		{1A7A0D16-814E-41BF-91BE-AE2C20C7E78A}.AppStore|x64.Deploy.0 = Release|Any CPU
		{1A7A0D16-814E-41BF-91BE-AE2C20C7E78A}.AppStore|x86.ActiveCfg = Release|Any CPU
		{1A7A0D16-814E-41BF-91BE-AE2C20C7E78A}.AppStore|x86.Build.0 = Release|Any CPU
		{1A7A0D16-814E-41BF-91BE-AE2C20C7E78A}.AppStore|x86.Deploy.0 = Release|Any CPU
		{1A7A0D16-814E-41BF-91BE-AE2C20C7E78A}.Debug|Any CPU.ActiveCfg = Debug|Any CPU
		{1A7A0D16-814E-41BF-91BE-AE2C20C7E78A}.Debug|Any CPU.Build.0 = Debug|Any CPU
		{1A7A0D16-814E-41BF-91BE-AE2C20C7E78A}.Debug|Any CPU.Deploy.0 = Debug|Any CPU
		{1A7A0D16-814E-41BF-91BE-AE2C20C7E78A}.Debug|ARM.ActiveCfg = Debug|Any CPU
		{1A7A0D16-814E-41BF-91BE-AE2C20C7E78A}.Debug|ARM.Build.0 = Debug|Any CPU
		{1A7A0D16-814E-41BF-91BE-AE2C20C7E78A}.Debug|ARM.Deploy.0 = Debug|Any CPU
		{1A7A0D16-814E-41BF-91BE-AE2C20C7E78A}.Debug|iPhone.ActiveCfg = Debug|Any CPU
		{1A7A0D16-814E-41BF-91BE-AE2C20C7E78A}.Debug|iPhone.Build.0 = Debug|Any CPU
		{1A7A0D16-814E-41BF-91BE-AE2C20C7E78A}.Debug|iPhone.Deploy.0 = Debug|Any CPU
		{1A7A0D16-814E-41BF-91BE-AE2C20C7E78A}.Debug|iPhoneSimulator.ActiveCfg = Debug|Any CPU
		{1A7A0D16-814E-41BF-91BE-AE2C20C7E78A}.Debug|iPhoneSimulator.Build.0 = Debug|Any CPU
		{1A7A0D16-814E-41BF-91BE-AE2C20C7E78A}.Debug|iPhoneSimulator.Deploy.0 = Debug|Any CPU
		{1A7A0D16-814E-41BF-91BE-AE2C20C7E78A}.Debug|x64.ActiveCfg = Debug|Any CPU
		{1A7A0D16-814E-41BF-91BE-AE2C20C7E78A}.Debug|x64.Build.0 = Debug|Any CPU
		{1A7A0D16-814E-41BF-91BE-AE2C20C7E78A}.Debug|x64.Deploy.0 = Debug|Any CPU
		{1A7A0D16-814E-41BF-91BE-AE2C20C7E78A}.Debug|x86.ActiveCfg = Debug|Any CPU
		{1A7A0D16-814E-41BF-91BE-AE2C20C7E78A}.Debug|x86.Build.0 = Debug|Any CPU
		{1A7A0D16-814E-41BF-91BE-AE2C20C7E78A}.Debug|x86.Deploy.0 = Debug|Any CPU
		{1A7A0D16-814E-41BF-91BE-AE2C20C7E78A}.Release|Any CPU.ActiveCfg = Release|Any CPU
		{1A7A0D16-814E-41BF-91BE-AE2C20C7E78A}.Release|Any CPU.Build.0 = Release|Any CPU
		{1A7A0D16-814E-41BF-91BE-AE2C20C7E78A}.Release|Any CPU.Deploy.0 = Release|Any CPU
		{1A7A0D16-814E-41BF-91BE-AE2C20C7E78A}.Release|ARM.ActiveCfg = Release|Any CPU
		{1A7A0D16-814E-41BF-91BE-AE2C20C7E78A}.Release|ARM.Build.0 = Release|Any CPU
		{1A7A0D16-814E-41BF-91BE-AE2C20C7E78A}.Release|ARM.Deploy.0 = Release|Any CPU
		{1A7A0D16-814E-41BF-91BE-AE2C20C7E78A}.Release|iPhone.ActiveCfg = Release|Any CPU
		{1A7A0D16-814E-41BF-91BE-AE2C20C7E78A}.Release|iPhone.Build.0 = Release|Any CPU
		{1A7A0D16-814E-41BF-91BE-AE2C20C7E78A}.Release|iPhone.Deploy.0 = Release|Any CPU
		{1A7A0D16-814E-41BF-91BE-AE2C20C7E78A}.Release|iPhoneSimulator.ActiveCfg = Release|Any CPU
		{1A7A0D16-814E-41BF-91BE-AE2C20C7E78A}.Release|iPhoneSimulator.Build.0 = Release|Any CPU
		{1A7A0D16-814E-41BF-91BE-AE2C20C7E78A}.Release|iPhoneSimulator.Deploy.0 = Release|Any CPU
		{1A7A0D16-814E-41BF-91BE-AE2C20C7E78A}.Release|x64.ActiveCfg = Release|Any CPU
		{1A7A0D16-814E-41BF-91BE-AE2C20C7E78A}.Release|x64.Build.0 = Release|Any CPU
		{1A7A0D16-814E-41BF-91BE-AE2C20C7E78A}.Release|x64.Deploy.0 = Release|Any CPU
		{1A7A0D16-814E-41BF-91BE-AE2C20C7E78A}.Release|x86.ActiveCfg = Release|Any CPU
		{1A7A0D16-814E-41BF-91BE-AE2C20C7E78A}.Release|x86.Build.0 = Release|Any CPU
		{1A7A0D16-814E-41BF-91BE-AE2C20C7E78A}.Release|x86.Deploy.0 = Release|Any CPU
		{ABA434EB-A4CB-4D71-9C03-C5C235CAC224}.Ad-Hoc|Any CPU.ActiveCfg = Ad-Hoc|iPhone
		{ABA434EB-A4CB-4D71-9C03-C5C235CAC224}.Ad-Hoc|Any CPU.Build.0 = Ad-Hoc|iPhone
		{ABA434EB-A4CB-4D71-9C03-C5C235CAC224}.Ad-Hoc|Any CPU.Deploy.0 = Ad-Hoc|iPhone
		{ABA434EB-A4CB-4D71-9C03-C5C235CAC224}.Ad-Hoc|ARM.ActiveCfg = Ad-Hoc|iPhone
		{ABA434EB-A4CB-4D71-9C03-C5C235CAC224}.Ad-Hoc|ARM.Build.0 = Ad-Hoc|iPhone
		{ABA434EB-A4CB-4D71-9C03-C5C235CAC224}.Ad-Hoc|ARM.Deploy.0 = Ad-Hoc|iPhone
		{ABA434EB-A4CB-4D71-9C03-C5C235CAC224}.Ad-Hoc|iPhone.ActiveCfg = Ad-Hoc|iPhone
		{ABA434EB-A4CB-4D71-9C03-C5C235CAC224}.Ad-Hoc|iPhone.Build.0 = Ad-Hoc|iPhone
		{ABA434EB-A4CB-4D71-9C03-C5C235CAC224}.Ad-Hoc|iPhone.Deploy.0 = Ad-Hoc|iPhone
		{ABA434EB-A4CB-4D71-9C03-C5C235CAC224}.Ad-Hoc|iPhoneSimulator.ActiveCfg = Ad-Hoc|iPhoneSimulator
		{ABA434EB-A4CB-4D71-9C03-C5C235CAC224}.Ad-Hoc|iPhoneSimulator.Build.0 = Ad-Hoc|iPhoneSimulator
		{ABA434EB-A4CB-4D71-9C03-C5C235CAC224}.Ad-Hoc|iPhoneSimulator.Deploy.0 = Ad-Hoc|iPhoneSimulator
		{ABA434EB-A4CB-4D71-9C03-C5C235CAC224}.Ad-Hoc|x64.ActiveCfg = Ad-Hoc|iPhone
		{ABA434EB-A4CB-4D71-9C03-C5C235CAC224}.Ad-Hoc|x64.Build.0 = Ad-Hoc|iPhone
		{ABA434EB-A4CB-4D71-9C03-C5C235CAC224}.Ad-Hoc|x64.Deploy.0 = Ad-Hoc|iPhone
		{ABA434EB-A4CB-4D71-9C03-C5C235CAC224}.Ad-Hoc|x86.ActiveCfg = Ad-Hoc|iPhone
		{ABA434EB-A4CB-4D71-9C03-C5C235CAC224}.Ad-Hoc|x86.Build.0 = Ad-Hoc|iPhone
		{ABA434EB-A4CB-4D71-9C03-C5C235CAC224}.Ad-Hoc|x86.Deploy.0 = Ad-Hoc|iPhone
		{ABA434EB-A4CB-4D71-9C03-C5C235CAC224}.AppStore|Any CPU.ActiveCfg = AppStore|iPhone
		{ABA434EB-A4CB-4D71-9C03-C5C235CAC224}.AppStore|Any CPU.Build.0 = AppStore|iPhone
		{ABA434EB-A4CB-4D71-9C03-C5C235CAC224}.AppStore|Any CPU.Deploy.0 = AppStore|iPhone
		{ABA434EB-A4CB-4D71-9C03-C5C235CAC224}.AppStore|ARM.ActiveCfg = AppStore|iPhone
		{ABA434EB-A4CB-4D71-9C03-C5C235CAC224}.AppStore|ARM.Build.0 = AppStore|iPhone
		{ABA434EB-A4CB-4D71-9C03-C5C235CAC224}.AppStore|ARM.Deploy.0 = AppStore|iPhone
		{ABA434EB-A4CB-4D71-9C03-C5C235CAC224}.AppStore|iPhone.ActiveCfg = AppStore|iPhone
		{ABA434EB-A4CB-4D71-9C03-C5C235CAC224}.AppStore|iPhone.Build.0 = AppStore|iPhone
		{ABA434EB-A4CB-4D71-9C03-C5C235CAC224}.AppStore|iPhone.Deploy.0 = AppStore|iPhone
		{ABA434EB-A4CB-4D71-9C03-C5C235CAC224}.AppStore|iPhoneSimulator.ActiveCfg = AppStore|iPhoneSimulator
		{ABA434EB-A4CB-4D71-9C03-C5C235CAC224}.AppStore|iPhoneSimulator.Build.0 = AppStore|iPhoneSimulator
		{ABA434EB-A4CB-4D71-9C03-C5C235CAC224}.AppStore|iPhoneSimulator.Deploy.0 = AppStore|iPhoneSimulator
		{ABA434EB-A4CB-4D71-9C03-C5C235CAC224}.AppStore|x64.ActiveCfg = AppStore|iPhone
		{ABA434EB-A4CB-4D71-9C03-C5C235CAC224}.AppStore|x64.Build.0 = AppStore|iPhone
		{ABA434EB-A4CB-4D71-9C03-C5C235CAC224}.AppStore|x64.Deploy.0 = AppStore|iPhone
		{ABA434EB-A4CB-4D71-9C03-C5C235CAC224}.AppStore|x86.ActiveCfg = AppStore|iPhone
		{ABA434EB-A4CB-4D71-9C03-C5C235CAC224}.AppStore|x86.Build.0 = AppStore|iPhone
		{ABA434EB-A4CB-4D71-9C03-C5C235CAC224}.AppStore|x86.Deploy.0 = AppStore|iPhone
		{ABA434EB-A4CB-4D71-9C03-C5C235CAC224}.Debug|Any CPU.ActiveCfg = Debug|iPhoneSimulator
		{ABA434EB-A4CB-4D71-9C03-C5C235CAC224}.Debug|Any CPU.Build.0 = Debug|iPhoneSimulator
		{ABA434EB-A4CB-4D71-9C03-C5C235CAC224}.Debug|Any CPU.Deploy.0 = Debug|iPhoneSimulator
		{ABA434EB-A4CB-4D71-9C03-C5C235CAC224}.Debug|ARM.ActiveCfg = Debug|iPhone
		{ABA434EB-A4CB-4D71-9C03-C5C235CAC224}.Debug|ARM.Build.0 = Debug|iPhone
		{ABA434EB-A4CB-4D71-9C03-C5C235CAC224}.Debug|ARM.Deploy.0 = Debug|iPhone
		{ABA434EB-A4CB-4D71-9C03-C5C235CAC224}.Debug|iPhone.ActiveCfg = Debug|iPhone
		{ABA434EB-A4CB-4D71-9C03-C5C235CAC224}.Debug|iPhone.Build.0 = Debug|iPhone
		{ABA434EB-A4CB-4D71-9C03-C5C235CAC224}.Debug|iPhone.Deploy.0 = Debug|iPhone
		{ABA434EB-A4CB-4D71-9C03-C5C235CAC224}.Debug|iPhoneSimulator.ActiveCfg = Debug|iPhoneSimulator
		{ABA434EB-A4CB-4D71-9C03-C5C235CAC224}.Debug|iPhoneSimulator.Build.0 = Debug|iPhoneSimulator
		{ABA434EB-A4CB-4D71-9C03-C5C235CAC224}.Debug|iPhoneSimulator.Deploy.0 = Debug|iPhoneSimulator
		{ABA434EB-A4CB-4D71-9C03-C5C235CAC224}.Debug|x64.ActiveCfg = Debug|iPhone
		{ABA434EB-A4CB-4D71-9C03-C5C235CAC224}.Debug|x64.Build.0 = Debug|iPhone
		{ABA434EB-A4CB-4D71-9C03-C5C235CAC224}.Debug|x64.Deploy.0 = Debug|iPhone
		{ABA434EB-A4CB-4D71-9C03-C5C235CAC224}.Debug|x86.ActiveCfg = Debug|iPhone
		{ABA434EB-A4CB-4D71-9C03-C5C235CAC224}.Debug|x86.Build.0 = Debug|iPhone
		{ABA434EB-A4CB-4D71-9C03-C5C235CAC224}.Debug|x86.Deploy.0 = Debug|iPhone
		{ABA434EB-A4CB-4D71-9C03-C5C235CAC224}.Release|Any CPU.ActiveCfg = Release|iPhone
		{ABA434EB-A4CB-4D71-9C03-C5C235CAC224}.Release|Any CPU.Build.0 = Release|iPhone
		{ABA434EB-A4CB-4D71-9C03-C5C235CAC224}.Release|Any CPU.Deploy.0 = Release|iPhone
		{ABA434EB-A4CB-4D71-9C03-C5C235CAC224}.Release|ARM.ActiveCfg = Release|iPhone
		{ABA434EB-A4CB-4D71-9C03-C5C235CAC224}.Release|ARM.Build.0 = Release|iPhone
		{ABA434EB-A4CB-4D71-9C03-C5C235CAC224}.Release|ARM.Deploy.0 = Release|iPhone
		{ABA434EB-A4CB-4D71-9C03-C5C235CAC224}.Release|iPhone.ActiveCfg = Release|iPhone
		{ABA434EB-A4CB-4D71-9C03-C5C235CAC224}.Release|iPhone.Build.0 = Release|iPhone
		{ABA434EB-A4CB-4D71-9C03-C5C235CAC224}.Release|iPhone.Deploy.0 = Release|iPhone
		{ABA434EB-A4CB-4D71-9C03-C5C235CAC224}.Release|iPhoneSimulator.ActiveCfg = Release|iPhoneSimulator
		{ABA434EB-A4CB-4D71-9C03-C5C235CAC224}.Release|iPhoneSimulator.Build.0 = Release|iPhoneSimulator
		{ABA434EB-A4CB-4D71-9C03-C5C235CAC224}.Release|iPhoneSimulator.Deploy.0 = Release|iPhoneSimulator
		{ABA434EB-A4CB-4D71-9C03-C5C235CAC224}.Release|x64.ActiveCfg = Release|iPhone
		{ABA434EB-A4CB-4D71-9C03-C5C235CAC224}.Release|x64.Build.0 = Release|iPhone
		{ABA434EB-A4CB-4D71-9C03-C5C235CAC224}.Release|x64.Deploy.0 = Release|iPhone
		{ABA434EB-A4CB-4D71-9C03-C5C235CAC224}.Release|x86.ActiveCfg = Release|iPhone
		{ABA434EB-A4CB-4D71-9C03-C5C235CAC224}.Release|x86.Build.0 = Release|iPhone
		{ABA434EB-A4CB-4D71-9C03-C5C235CAC224}.Release|x86.Deploy.0 = Release|iPhone
		{76836D8A-D602-411F-827B-9EEFAB6E4B4A}.Ad-Hoc|Any CPU.ActiveCfg = Release|x86
		{76836D8A-D602-411F-827B-9EEFAB6E4B4A}.Ad-Hoc|Any CPU.Build.0 = Release|x86
		{76836D8A-D602-411F-827B-9EEFAB6E4B4A}.Ad-Hoc|Any CPU.Deploy.0 = Release|x86
		{76836D8A-D602-411F-827B-9EEFAB6E4B4A}.Ad-Hoc|ARM.ActiveCfg = Release|ARM
		{76836D8A-D602-411F-827B-9EEFAB6E4B4A}.Ad-Hoc|ARM.Build.0 = Release|ARM
		{76836D8A-D602-411F-827B-9EEFAB6E4B4A}.Ad-Hoc|ARM.Deploy.0 = Release|ARM
		{76836D8A-D602-411F-827B-9EEFAB6E4B4A}.Ad-Hoc|iPhone.ActiveCfg = Release|x86
		{76836D8A-D602-411F-827B-9EEFAB6E4B4A}.Ad-Hoc|iPhone.Build.0 = Release|x86
		{76836D8A-D602-411F-827B-9EEFAB6E4B4A}.Ad-Hoc|iPhone.Deploy.0 = Release|x86
		{76836D8A-D602-411F-827B-9EEFAB6E4B4A}.Ad-Hoc|iPhoneSimulator.ActiveCfg = Release|x86
		{76836D8A-D602-411F-827B-9EEFAB6E4B4A}.Ad-Hoc|iPhoneSimulator.Build.0 = Release|x86
		{76836D8A-D602-411F-827B-9EEFAB6E4B4A}.Ad-Hoc|iPhoneSimulator.Deploy.0 = Release|x86
		{76836D8A-D602-411F-827B-9EEFAB6E4B4A}.Ad-Hoc|x64.ActiveCfg = Release|x64
		{76836D8A-D602-411F-827B-9EEFAB6E4B4A}.Ad-Hoc|x64.Build.0 = Release|x64
		{76836D8A-D602-411F-827B-9EEFAB6E4B4A}.Ad-Hoc|x64.Deploy.0 = Release|x64
		{76836D8A-D602-411F-827B-9EEFAB6E4B4A}.Ad-Hoc|x86.ActiveCfg = Release|x86
		{76836D8A-D602-411F-827B-9EEFAB6E4B4A}.Ad-Hoc|x86.Build.0 = Release|x86
		{76836D8A-D602-411F-827B-9EEFAB6E4B4A}.Ad-Hoc|x86.Deploy.0 = Release|x86
		{76836D8A-D602-411F-827B-9EEFAB6E4B4A}.AppStore|Any CPU.ActiveCfg = Release|x86
		{76836D8A-D602-411F-827B-9EEFAB6E4B4A}.AppStore|Any CPU.Build.0 = Release|x86
		{76836D8A-D602-411F-827B-9EEFAB6E4B4A}.AppStore|Any CPU.Deploy.0 = Release|x86
		{76836D8A-D602-411F-827B-9EEFAB6E4B4A}.AppStore|ARM.ActiveCfg = Release|ARM
		{76836D8A-D602-411F-827B-9EEFAB6E4B4A}.AppStore|ARM.Build.0 = Release|ARM
		{76836D8A-D602-411F-827B-9EEFAB6E4B4A}.AppStore|ARM.Deploy.0 = Release|ARM
		{76836D8A-D602-411F-827B-9EEFAB6E4B4A}.AppStore|iPhone.ActiveCfg = Release|x86
		{76836D8A-D602-411F-827B-9EEFAB6E4B4A}.AppStore|iPhone.Build.0 = Release|x86
		{76836D8A-D602-411F-827B-9EEFAB6E4B4A}.AppStore|iPhone.Deploy.0 = Release|x86
		{76836D8A-D602-411F-827B-9EEFAB6E4B4A}.AppStore|iPhoneSimulator.ActiveCfg = Release|x86
		{76836D8A-D602-411F-827B-9EEFAB6E4B4A}.AppStore|iPhoneSimulator.Build.0 = Release|x86
		{76836D8A-D602-411F-827B-9EEFAB6E4B4A}.AppStore|iPhoneSimulator.Deploy.0 = Release|x86
		{76836D8A-D602-411F-827B-9EEFAB6E4B4A}.AppStore|x64.ActiveCfg = Release|x64
		{76836D8A-D602-411F-827B-9EEFAB6E4B4A}.AppStore|x64.Build.0 = Release|x64
		{76836D8A-D602-411F-827B-9EEFAB6E4B4A}.AppStore|x64.Deploy.0 = Release|x64
		{76836D8A-D602-411F-827B-9EEFAB6E4B4A}.AppStore|x86.ActiveCfg = Release|x86
		{76836D8A-D602-411F-827B-9EEFAB6E4B4A}.AppStore|x86.Build.0 = Release|x86
		{76836D8A-D602-411F-827B-9EEFAB6E4B4A}.AppStore|x86.Deploy.0 = Release|x86
		{76836D8A-D602-411F-827B-9EEFAB6E4B4A}.Debug|Any CPU.ActiveCfg = Debug|x86
		{76836D8A-D602-411F-827B-9EEFAB6E4B4A}.Debug|Any CPU.Build.0 = Debug|x86
		{76836D8A-D602-411F-827B-9EEFAB6E4B4A}.Debug|Any CPU.Deploy.0 = Debug|x86
		{76836D8A-D602-411F-827B-9EEFAB6E4B4A}.Debug|ARM.ActiveCfg = Debug|ARM
		{76836D8A-D602-411F-827B-9EEFAB6E4B4A}.Debug|ARM.Build.0 = Debug|ARM
		{76836D8A-D602-411F-827B-9EEFAB6E4B4A}.Debug|ARM.Deploy.0 = Debug|ARM
		{76836D8A-D602-411F-827B-9EEFAB6E4B4A}.Debug|iPhone.ActiveCfg = Debug|x86
		{76836D8A-D602-411F-827B-9EEFAB6E4B4A}.Debug|iPhone.Build.0 = Debug|x86
		{76836D8A-D602-411F-827B-9EEFAB6E4B4A}.Debug|iPhone.Deploy.0 = Debug|x86
		{76836D8A-D602-411F-827B-9EEFAB6E4B4A}.Debug|iPhoneSimulator.ActiveCfg = Debug|x86
		{76836D8A-D602-411F-827B-9EEFAB6E4B4A}.Debug|iPhoneSimulator.Build.0 = Debug|x86
		{76836D8A-D602-411F-827B-9EEFAB6E4B4A}.Debug|iPhoneSimulator.Deploy.0 = Debug|x86
		{76836D8A-D602-411F-827B-9EEFAB6E4B4A}.Debug|x64.ActiveCfg = Debug|x64
		{76836D8A-D602-411F-827B-9EEFAB6E4B4A}.Debug|x64.Build.0 = Debug|x64
		{76836D8A-D602-411F-827B-9EEFAB6E4B4A}.Debug|x64.Deploy.0 = Debug|x64
		{76836D8A-D602-411F-827B-9EEFAB6E4B4A}.Debug|x86.ActiveCfg = Debug|x86
		{76836D8A-D602-411F-827B-9EEFAB6E4B4A}.Debug|x86.Build.0 = Debug|x86
		{76836D8A-D602-411F-827B-9EEFAB6E4B4A}.Debug|x86.Deploy.0 = Debug|x86
		{76836D8A-D602-411F-827B-9EEFAB6E4B4A}.Release|Any CPU.ActiveCfg = Release|x86
		{76836D8A-D602-411F-827B-9EEFAB6E4B4A}.Release|Any CPU.Build.0 = Release|x86
		{76836D8A-D602-411F-827B-9EEFAB6E4B4A}.Release|Any CPU.Deploy.0 = Release|x86
		{76836D8A-D602-411F-827B-9EEFAB6E4B4A}.Release|ARM.ActiveCfg = Release|ARM
		{76836D8A-D602-411F-827B-9EEFAB6E4B4A}.Release|ARM.Build.0 = Release|ARM
		{76836D8A-D602-411F-827B-9EEFAB6E4B4A}.Release|ARM.Deploy.0 = Release|ARM
		{76836D8A-D602-411F-827B-9EEFAB6E4B4A}.Release|iPhone.ActiveCfg = Release|x86
		{76836D8A-D602-411F-827B-9EEFAB6E4B4A}.Release|iPhone.Build.0 = Release|x86
		{76836D8A-D602-411F-827B-9EEFAB6E4B4A}.Release|iPhone.Deploy.0 = Release|x86
		{76836D8A-D602-411F-827B-9EEFAB6E4B4A}.Release|iPhoneSimulator.ActiveCfg = Release|x86
		{76836D8A-D602-411F-827B-9EEFAB6E4B4A}.Release|iPhoneSimulator.Build.0 = Release|x86
		{76836D8A-D602-411F-827B-9EEFAB6E4B4A}.Release|iPhoneSimulator.Deploy.0 = Release|x86
		{76836D8A-D602-411F-827B-9EEFAB6E4B4A}.Release|x64.ActiveCfg = Release|x64
		{76836D8A-D602-411F-827B-9EEFAB6E4B4A}.Release|x64.Build.0 = Release|x64
		{76836D8A-D602-411F-827B-9EEFAB6E4B4A}.Release|x64.Deploy.0 = Release|x64
		{76836D8A-D602-411F-827B-9EEFAB6E4B4A}.Release|x86.ActiveCfg = Release|x86
		{76836D8A-D602-411F-827B-9EEFAB6E4B4A}.Release|x86.Build.0 = Release|x86
		{76836D8A-D602-411F-827B-9EEFAB6E4B4A}.Release|x86.Deploy.0 = Release|x86
		{D68F10CA-DBE9-4473-8041-99E01E15D3CA}.Ad-Hoc|Any CPU.ActiveCfg = Debug|Any CPU
		{D68F10CA-DBE9-4473-8041-99E01E15D3CA}.Ad-Hoc|Any CPU.Build.0 = Debug|Any CPU
		{D68F10CA-DBE9-4473-8041-99E01E15D3CA}.Ad-Hoc|Any CPU.Deploy.0 = Debug|Any CPU
		{D68F10CA-DBE9-4473-8041-99E01E15D3CA}.Ad-Hoc|ARM.ActiveCfg = Debug|Any CPU
		{D68F10CA-DBE9-4473-8041-99E01E15D3CA}.Ad-Hoc|ARM.Build.0 = Debug|Any CPU
		{D68F10CA-DBE9-4473-8041-99E01E15D3CA}.Ad-Hoc|ARM.Deploy.0 = Debug|Any CPU
		{D68F10CA-DBE9-4473-8041-99E01E15D3CA}.Ad-Hoc|iPhone.ActiveCfg = Debug|Any CPU
		{D68F10CA-DBE9-4473-8041-99E01E15D3CA}.Ad-Hoc|iPhone.Build.0 = Debug|Any CPU
		{D68F10CA-DBE9-4473-8041-99E01E15D3CA}.Ad-Hoc|iPhone.Deploy.0 = Debug|Any CPU
		{D68F10CA-DBE9-4473-8041-99E01E15D3CA}.Ad-Hoc|iPhoneSimulator.ActiveCfg = Debug|Any CPU
		{D68F10CA-DBE9-4473-8041-99E01E15D3CA}.Ad-Hoc|iPhoneSimulator.Build.0 = Debug|Any CPU
		{D68F10CA-DBE9-4473-8041-99E01E15D3CA}.Ad-Hoc|iPhoneSimulator.Deploy.0 = Debug|Any CPU
		{D68F10CA-DBE9-4473-8041-99E01E15D3CA}.Ad-Hoc|x64.ActiveCfg = Debug|Any CPU
		{D68F10CA-DBE9-4473-8041-99E01E15D3CA}.Ad-Hoc|x64.Build.0 = Debug|Any CPU
		{D68F10CA-DBE9-4473-8041-99E01E15D3CA}.Ad-Hoc|x64.Deploy.0 = Debug|Any CPU
		{D68F10CA-DBE9-4473-8041-99E01E15D3CA}.Ad-Hoc|x86.ActiveCfg = Debug|Any CPU
		{D68F10CA-DBE9-4473-8041-99E01E15D3CA}.Ad-Hoc|x86.Build.0 = Debug|Any CPU
		{D68F10CA-DBE9-4473-8041-99E01E15D3CA}.Ad-Hoc|x86.Deploy.0 = Debug|Any CPU
		{D68F10CA-DBE9-4473-8041-99E01E15D3CA}.AppStore|Any CPU.ActiveCfg = Debug|Any CPU
		{D68F10CA-DBE9-4473-8041-99E01E15D3CA}.AppStore|Any CPU.Build.0 = Debug|Any CPU
		{D68F10CA-DBE9-4473-8041-99E01E15D3CA}.AppStore|Any CPU.Deploy.0 = Debug|Any CPU
		{D68F10CA-DBE9-4473-8041-99E01E15D3CA}.AppStore|ARM.ActiveCfg = Debug|Any CPU
		{D68F10CA-DBE9-4473-8041-99E01E15D3CA}.AppStore|ARM.Build.0 = Debug|Any CPU
		{D68F10CA-DBE9-4473-8041-99E01E15D3CA}.AppStore|ARM.Deploy.0 = Debug|Any CPU
		{D68F10CA-DBE9-4473-8041-99E01E15D3CA}.AppStore|iPhone.ActiveCfg = Debug|Any CPU
		{D68F10CA-DBE9-4473-8041-99E01E15D3CA}.AppStore|iPhone.Build.0 = Debug|Any CPU
		{D68F10CA-DBE9-4473-8041-99E01E15D3CA}.AppStore|iPhone.Deploy.0 = Debug|Any CPU
		{D68F10CA-DBE9-4473-8041-99E01E15D3CA}.AppStore|iPhoneSimulator.ActiveCfg = Debug|Any CPU
		{D68F10CA-DBE9-4473-8041-99E01E15D3CA}.AppStore|iPhoneSimulator.Build.0 = Debug|Any CPU
		{D68F10CA-DBE9-4473-8041-99E01E15D3CA}.AppStore|iPhoneSimulator.Deploy.0 = Debug|Any CPU
		{D68F10CA-DBE9-4473-8041-99E01E15D3CA}.AppStore|x64.ActiveCfg = Debug|Any CPU
		{D68F10CA-DBE9-4473-8041-99E01E15D3CA}.AppStore|x64.Build.0 = Debug|Any CPU
		{D68F10CA-DBE9-4473-8041-99E01E15D3CA}.AppStore|x64.Deploy.0 = Debug|Any CPU
		{D68F10CA-DBE9-4473-8041-99E01E15D3CA}.AppStore|x86.ActiveCfg = Debug|Any CPU
		{D68F10CA-DBE9-4473-8041-99E01E15D3CA}.AppStore|x86.Build.0 = Debug|Any CPU
		{D68F10CA-DBE9-4473-8041-99E01E15D3CA}.AppStore|x86.Deploy.0 = Debug|Any CPU
		{D68F10CA-DBE9-4473-8041-99E01E15D3CA}.Debug|Any CPU.ActiveCfg = Debug|Any CPU
		{D68F10CA-DBE9-4473-8041-99E01E15D3CA}.Debug|Any CPU.Build.0 = Debug|Any CPU
		{D68F10CA-DBE9-4473-8041-99E01E15D3CA}.Debug|Any CPU.Deploy.0 = Debug|Any CPU
		{D68F10CA-DBE9-4473-8041-99E01E15D3CA}.Debug|ARM.ActiveCfg = Debug|Any CPU
		{D68F10CA-DBE9-4473-8041-99E01E15D3CA}.Debug|ARM.Build.0 = Debug|Any CPU
		{D68F10CA-DBE9-4473-8041-99E01E15D3CA}.Debug|ARM.Deploy.0 = Debug|Any CPU
		{D68F10CA-DBE9-4473-8041-99E01E15D3CA}.Debug|iPhone.ActiveCfg = Debug|Any CPU
		{D68F10CA-DBE9-4473-8041-99E01E15D3CA}.Debug|iPhone.Build.0 = Debug|Any CPU
		{D68F10CA-DBE9-4473-8041-99E01E15D3CA}.Debug|iPhone.Deploy.0 = Debug|Any CPU
		{D68F10CA-DBE9-4473-8041-99E01E15D3CA}.Debug|iPhoneSimulator.ActiveCfg = Debug|Any CPU
		{D68F10CA-DBE9-4473-8041-99E01E15D3CA}.Debug|iPhoneSimulator.Build.0 = Debug|Any CPU
		{D68F10CA-DBE9-4473-8041-99E01E15D3CA}.Debug|iPhoneSimulator.Deploy.0 = Debug|Any CPU
		{D68F10CA-DBE9-4473-8041-99E01E15D3CA}.Debug|x64.ActiveCfg = Debug|Any CPU
		{D68F10CA-DBE9-4473-8041-99E01E15D3CA}.Debug|x64.Build.0 = Debug|Any CPU
		{D68F10CA-DBE9-4473-8041-99E01E15D3CA}.Debug|x64.Deploy.0 = Debug|Any CPU
		{D68F10CA-DBE9-4473-8041-99E01E15D3CA}.Debug|x86.ActiveCfg = Debug|Any CPU
		{D68F10CA-DBE9-4473-8041-99E01E15D3CA}.Debug|x86.Build.0 = Debug|Any CPU
		{D68F10CA-DBE9-4473-8041-99E01E15D3CA}.Debug|x86.Deploy.0 = Debug|Any CPU
		{D68F10CA-DBE9-4473-8041-99E01E15D3CA}.Release|Any CPU.ActiveCfg = Release|Any CPU
		{D68F10CA-DBE9-4473-8041-99E01E15D3CA}.Release|Any CPU.Build.0 = Release|Any CPU
		{D68F10CA-DBE9-4473-8041-99E01E15D3CA}.Release|Any CPU.Deploy.0 = Release|Any CPU
		{D68F10CA-DBE9-4473-8041-99E01E15D3CA}.Release|ARM.ActiveCfg = Release|Any CPU
		{D68F10CA-DBE9-4473-8041-99E01E15D3CA}.Release|ARM.Build.0 = Release|Any CPU
		{D68F10CA-DBE9-4473-8041-99E01E15D3CA}.Release|ARM.Deploy.0 = Release|Any CPU
		{D68F10CA-DBE9-4473-8041-99E01E15D3CA}.Release|iPhone.ActiveCfg = Release|Any CPU
		{D68F10CA-DBE9-4473-8041-99E01E15D3CA}.Release|iPhone.Build.0 = Release|Any CPU
		{D68F10CA-DBE9-4473-8041-99E01E15D3CA}.Release|iPhone.Deploy.0 = Release|Any CPU
		{D68F10CA-DBE9-4473-8041-99E01E15D3CA}.Release|iPhoneSimulator.ActiveCfg = Release|Any CPU
		{D68F10CA-DBE9-4473-8041-99E01E15D3CA}.Release|iPhoneSimulator.Build.0 = Release|Any CPU
		{D68F10CA-DBE9-4473-8041-99E01E15D3CA}.Release|iPhoneSimulator.Deploy.0 = Release|Any CPU
		{D68F10CA-DBE9-4473-8041-99E01E15D3CA}.Release|x64.ActiveCfg = Release|Any CPU
		{D68F10CA-DBE9-4473-8041-99E01E15D3CA}.Release|x64.Build.0 = Release|Any CPU
		{D68F10CA-DBE9-4473-8041-99E01E15D3CA}.Release|x64.Deploy.0 = Release|Any CPU
		{D68F10CA-DBE9-4473-8041-99E01E15D3CA}.Release|x86.ActiveCfg = Release|Any CPU
		{D68F10CA-DBE9-4473-8041-99E01E15D3CA}.Release|x86.Build.0 = Release|Any CPU
		{D68F10CA-DBE9-4473-8041-99E01E15D3CA}.Release|x86.Deploy.0 = Release|Any CPU
		{4536E8C4-E3E4-482D-B612-B29E065BCAA5}.Ad-Hoc|Any CPU.ActiveCfg = Debug|Any CPU
		{4536E8C4-E3E4-482D-B612-B29E065BCAA5}.Ad-Hoc|Any CPU.Build.0 = Debug|Any CPU
		{4536E8C4-E3E4-482D-B612-B29E065BCAA5}.Ad-Hoc|ARM.ActiveCfg = Debug|Any CPU
		{4536E8C4-E3E4-482D-B612-B29E065BCAA5}.Ad-Hoc|ARM.Build.0 = Debug|Any CPU
		{4536E8C4-E3E4-482D-B612-B29E065BCAA5}.Ad-Hoc|iPhone.ActiveCfg = Debug|Any CPU
		{4536E8C4-E3E4-482D-B612-B29E065BCAA5}.Ad-Hoc|iPhone.Build.0 = Debug|Any CPU
		{4536E8C4-E3E4-482D-B612-B29E065BCAA5}.Ad-Hoc|iPhoneSimulator.ActiveCfg = Debug|Any CPU
		{4536E8C4-E3E4-482D-B612-B29E065BCAA5}.Ad-Hoc|iPhoneSimulator.Build.0 = Debug|Any CPU
		{4536E8C4-E3E4-482D-B612-B29E065BCAA5}.Ad-Hoc|x64.ActiveCfg = Debug|Any CPU
		{4536E8C4-E3E4-482D-B612-B29E065BCAA5}.Ad-Hoc|x64.Build.0 = Debug|Any CPU
		{4536E8C4-E3E4-482D-B612-B29E065BCAA5}.Ad-Hoc|x86.ActiveCfg = Debug|Any CPU
		{4536E8C4-E3E4-482D-B612-B29E065BCAA5}.Ad-Hoc|x86.Build.0 = Debug|Any CPU
		{4536E8C4-E3E4-482D-B612-B29E065BCAA5}.AppStore|Any CPU.ActiveCfg = Debug|Any CPU
		{4536E8C4-E3E4-482D-B612-B29E065BCAA5}.AppStore|Any CPU.Build.0 = Debug|Any CPU
		{4536E8C4-E3E4-482D-B612-B29E065BCAA5}.AppStore|ARM.ActiveCfg = Debug|Any CPU
		{4536E8C4-E3E4-482D-B612-B29E065BCAA5}.AppStore|ARM.Build.0 = Debug|Any CPU
		{4536E8C4-E3E4-482D-B612-B29E065BCAA5}.AppStore|iPhone.ActiveCfg = Debug|Any CPU
		{4536E8C4-E3E4-482D-B612-B29E065BCAA5}.AppStore|iPhone.Build.0 = Debug|Any CPU
		{4536E8C4-E3E4-482D-B612-B29E065BCAA5}.AppStore|iPhoneSimulator.ActiveCfg = Debug|Any CPU
		{4536E8C4-E3E4-482D-B612-B29E065BCAA5}.AppStore|iPhoneSimulator.Build.0 = Debug|Any CPU
		{4536E8C4-E3E4-482D-B612-B29E065BCAA5}.AppStore|x64.ActiveCfg = Debug|Any CPU
		{4536E8C4-E3E4-482D-B612-B29E065BCAA5}.AppStore|x64.Build.0 = Debug|Any CPU
		{4536E8C4-E3E4-482D-B612-B29E065BCAA5}.AppStore|x86.ActiveCfg = Debug|Any CPU
		{4536E8C4-E3E4-482D-B612-B29E065BCAA5}.AppStore|x86.Build.0 = Debug|Any CPU
		{4536E8C4-E3E4-482D-B612-B29E065BCAA5}.Debug|Any CPU.ActiveCfg = Debug|Any CPU
		{4536E8C4-E3E4-482D-B612-B29E065BCAA5}.Debug|Any CPU.Build.0 = Debug|Any CPU
		{4536E8C4-E3E4-482D-B612-B29E065BCAA5}.Debug|ARM.ActiveCfg = Debug|Any CPU
		{4536E8C4-E3E4-482D-B612-B29E065BCAA5}.Debug|ARM.Build.0 = Debug|Any CPU
		{4536E8C4-E3E4-482D-B612-B29E065BCAA5}.Debug|iPhone.ActiveCfg = Debug|Any CPU
		{4536E8C4-E3E4-482D-B612-B29E065BCAA5}.Debug|iPhone.Build.0 = Debug|Any CPU
		{4536E8C4-E3E4-482D-B612-B29E065BCAA5}.Debug|iPhoneSimulator.ActiveCfg = Debug|Any CPU
		{4536E8C4-E3E4-482D-B612-B29E065BCAA5}.Debug|iPhoneSimulator.Build.0 = Debug|Any CPU
		{4536E8C4-E3E4-482D-B612-B29E065BCAA5}.Debug|x64.ActiveCfg = Debug|Any CPU
		{4536E8C4-E3E4-482D-B612-B29E065BCAA5}.Debug|x64.Build.0 = Debug|Any CPU
		{4536E8C4-E3E4-482D-B612-B29E065BCAA5}.Debug|x86.ActiveCfg = Debug|Any CPU
		{4536E8C4-E3E4-482D-B612-B29E065BCAA5}.Debug|x86.Build.0 = Debug|Any CPU
		{4536E8C4-E3E4-482D-B612-B29E065BCAA5}.Release|Any CPU.ActiveCfg = Release|Any CPU
		{4536E8C4-E3E4-482D-B612-B29E065BCAA5}.Release|Any CPU.Build.0 = Release|Any CPU
		{4536E8C4-E3E4-482D-B612-B29E065BCAA5}.Release|ARM.ActiveCfg = Release|Any CPU
		{4536E8C4-E3E4-482D-B612-B29E065BCAA5}.Release|ARM.Build.0 = Release|Any CPU
		{4536E8C4-E3E4-482D-B612-B29E065BCAA5}.Release|iPhone.ActiveCfg = Release|Any CPU
		{4536E8C4-E3E4-482D-B612-B29E065BCAA5}.Release|iPhone.Build.0 = Release|Any CPU
		{4536E8C4-E3E4-482D-B612-B29E065BCAA5}.Release|iPhoneSimulator.ActiveCfg = Release|Any CPU
		{4536E8C4-E3E4-482D-B612-B29E065BCAA5}.Release|iPhoneSimulator.Build.0 = Release|Any CPU
		{4536E8C4-E3E4-482D-B612-B29E065BCAA5}.Release|x64.ActiveCfg = Release|Any CPU
		{4536E8C4-E3E4-482D-B612-B29E065BCAA5}.Release|x64.Build.0 = Release|Any CPU
		{4536E8C4-E3E4-482D-B612-B29E065BCAA5}.Release|x86.ActiveCfg = Release|Any CPU
		{4536E8C4-E3E4-482D-B612-B29E065BCAA5}.Release|x86.Build.0 = Release|Any CPU
		{B9B569CE-67C4-4C66-A801-5BBB72583D0F}.Ad-Hoc|Any CPU.ActiveCfg = Debug|Any CPU
		{B9B569CE-67C4-4C66-A801-5BBB72583D0F}.Ad-Hoc|Any CPU.Build.0 = Debug|Any CPU
		{B9B569CE-67C4-4C66-A801-5BBB72583D0F}.Ad-Hoc|ARM.ActiveCfg = Debug|Any CPU
		{B9B569CE-67C4-4C66-A801-5BBB72583D0F}.Ad-Hoc|ARM.Build.0 = Debug|Any CPU
		{B9B569CE-67C4-4C66-A801-5BBB72583D0F}.Ad-Hoc|iPhone.ActiveCfg = Debug|Any CPU
		{B9B569CE-67C4-4C66-A801-5BBB72583D0F}.Ad-Hoc|iPhone.Build.0 = Debug|Any CPU
		{B9B569CE-67C4-4C66-A801-5BBB72583D0F}.Ad-Hoc|iPhoneSimulator.ActiveCfg = Debug|Any CPU
		{B9B569CE-67C4-4C66-A801-5BBB72583D0F}.Ad-Hoc|iPhoneSimulator.Build.0 = Debug|Any CPU
		{B9B569CE-67C4-4C66-A801-5BBB72583D0F}.Ad-Hoc|x64.ActiveCfg = Debug|Any CPU
		{B9B569CE-67C4-4C66-A801-5BBB72583D0F}.Ad-Hoc|x64.Build.0 = Debug|Any CPU
		{B9B569CE-67C4-4C66-A801-5BBB72583D0F}.Ad-Hoc|x86.ActiveCfg = Debug|Any CPU
		{B9B569CE-67C4-4C66-A801-5BBB72583D0F}.Ad-Hoc|x86.Build.0 = Debug|Any CPU
		{B9B569CE-67C4-4C66-A801-5BBB72583D0F}.AppStore|Any CPU.ActiveCfg = Debug|Any CPU
		{B9B569CE-67C4-4C66-A801-5BBB72583D0F}.AppStore|Any CPU.Build.0 = Debug|Any CPU
		{B9B569CE-67C4-4C66-A801-5BBB72583D0F}.AppStore|ARM.ActiveCfg = Debug|Any CPU
		{B9B569CE-67C4-4C66-A801-5BBB72583D0F}.AppStore|ARM.Build.0 = Debug|Any CPU
		{B9B569CE-67C4-4C66-A801-5BBB72583D0F}.AppStore|iPhone.ActiveCfg = Debug|Any CPU
		{B9B569CE-67C4-4C66-A801-5BBB72583D0F}.AppStore|iPhone.Build.0 = Debug|Any CPU
		{B9B569CE-67C4-4C66-A801-5BBB72583D0F}.AppStore|iPhoneSimulator.ActiveCfg = Debug|Any CPU
		{B9B569CE-67C4-4C66-A801-5BBB72583D0F}.AppStore|iPhoneSimulator.Build.0 = Debug|Any CPU
		{B9B569CE-67C4-4C66-A801-5BBB72583D0F}.AppStore|x64.ActiveCfg = Debug|Any CPU
		{B9B569CE-67C4-4C66-A801-5BBB72583D0F}.AppStore|x64.Build.0 = Debug|Any CPU
		{B9B569CE-67C4-4C66-A801-5BBB72583D0F}.AppStore|x86.ActiveCfg = Debug|Any CPU
		{B9B569CE-67C4-4C66-A801-5BBB72583D0F}.AppStore|x86.Build.0 = Debug|Any CPU
		{B9B569CE-67C4-4C66-A801-5BBB72583D0F}.Debug|Any CPU.ActiveCfg = Debug|Any CPU
		{B9B569CE-67C4-4C66-A801-5BBB72583D0F}.Debug|Any CPU.Build.0 = Debug|Any CPU
		{B9B569CE-67C4-4C66-A801-5BBB72583D0F}.Debug|ARM.ActiveCfg = Debug|Any CPU
		{B9B569CE-67C4-4C66-A801-5BBB72583D0F}.Debug|ARM.Build.0 = Debug|Any CPU
		{B9B569CE-67C4-4C66-A801-5BBB72583D0F}.Debug|iPhone.ActiveCfg = Debug|Any CPU
		{B9B569CE-67C4-4C66-A801-5BBB72583D0F}.Debug|iPhone.Build.0 = Debug|Any CPU
		{B9B569CE-67C4-4C66-A801-5BBB72583D0F}.Debug|iPhoneSimulator.ActiveCfg = Debug|Any CPU
		{B9B569CE-67C4-4C66-A801-5BBB72583D0F}.Debug|iPhoneSimulator.Build.0 = Debug|Any CPU
		{B9B569CE-67C4-4C66-A801-5BBB72583D0F}.Debug|x64.ActiveCfg = Debug|Any CPU
		{B9B569CE-67C4-4C66-A801-5BBB72583D0F}.Debug|x64.Build.0 = Debug|Any CPU
		{B9B569CE-67C4-4C66-A801-5BBB72583D0F}.Debug|x86.ActiveCfg = Debug|Any CPU
		{B9B569CE-67C4-4C66-A801-5BBB72583D0F}.Debug|x86.Build.0 = Debug|Any CPU
		{B9B569CE-67C4-4C66-A801-5BBB72583D0F}.Release|Any CPU.ActiveCfg = Release|Any CPU
		{B9B569CE-67C4-4C66-A801-5BBB72583D0F}.Release|Any CPU.Build.0 = Release|Any CPU
		{B9B569CE-67C4-4C66-A801-5BBB72583D0F}.Release|ARM.ActiveCfg = Release|Any CPU
		{B9B569CE-67C4-4C66-A801-5BBB72583D0F}.Release|ARM.Build.0 = Release|Any CPU
		{B9B569CE-67C4-4C66-A801-5BBB72583D0F}.Release|iPhone.ActiveCfg = Release|Any CPU
		{B9B569CE-67C4-4C66-A801-5BBB72583D0F}.Release|iPhone.Build.0 = Release|Any CPU
		{B9B569CE-67C4-4C66-A801-5BBB72583D0F}.Release|iPhoneSimulator.ActiveCfg = Release|Any CPU
		{B9B569CE-67C4-4C66-A801-5BBB72583D0F}.Release|iPhoneSimulator.Build.0 = Release|Any CPU
		{B9B569CE-67C4-4C66-A801-5BBB72583D0F}.Release|x64.ActiveCfg = Release|Any CPU
		{B9B569CE-67C4-4C66-A801-5BBB72583D0F}.Release|x64.Build.0 = Release|Any CPU
		{B9B569CE-67C4-4C66-A801-5BBB72583D0F}.Release|x86.ActiveCfg = Release|Any CPU
		{B9B569CE-67C4-4C66-A801-5BBB72583D0F}.Release|x86.Build.0 = Release|Any CPU
		{05DFEFFC-E740-4365-AFFB-FB6309320C80}.Ad-Hoc|Any CPU.ActiveCfg = Debug|Any CPU
		{05DFEFFC-E740-4365-AFFB-FB6309320C80}.Ad-Hoc|Any CPU.Build.0 = Debug|Any CPU
		{05DFEFFC-E740-4365-AFFB-FB6309320C80}.Ad-Hoc|ARM.ActiveCfg = Debug|Any CPU
		{05DFEFFC-E740-4365-AFFB-FB6309320C80}.Ad-Hoc|ARM.Build.0 = Debug|Any CPU
		{05DFEFFC-E740-4365-AFFB-FB6309320C80}.Ad-Hoc|iPhone.ActiveCfg = Debug|Any CPU
		{05DFEFFC-E740-4365-AFFB-FB6309320C80}.Ad-Hoc|iPhone.Build.0 = Debug|Any CPU
		{05DFEFFC-E740-4365-AFFB-FB6309320C80}.Ad-Hoc|iPhoneSimulator.ActiveCfg = Debug|Any CPU
		{05DFEFFC-E740-4365-AFFB-FB6309320C80}.Ad-Hoc|iPhoneSimulator.Build.0 = Debug|Any CPU
		{05DFEFFC-E740-4365-AFFB-FB6309320C80}.Ad-Hoc|x64.ActiveCfg = Debug|Any CPU
		{05DFEFFC-E740-4365-AFFB-FB6309320C80}.Ad-Hoc|x64.Build.0 = Debug|Any CPU
		{05DFEFFC-E740-4365-AFFB-FB6309320C80}.Ad-Hoc|x86.ActiveCfg = Debug|Any CPU
		{05DFEFFC-E740-4365-AFFB-FB6309320C80}.Ad-Hoc|x86.Build.0 = Debug|Any CPU
		{05DFEFFC-E740-4365-AFFB-FB6309320C80}.AppStore|Any CPU.ActiveCfg = Debug|Any CPU
		{05DFEFFC-E740-4365-AFFB-FB6309320C80}.AppStore|Any CPU.Build.0 = Debug|Any CPU
		{05DFEFFC-E740-4365-AFFB-FB6309320C80}.AppStore|ARM.ActiveCfg = Debug|Any CPU
		{05DFEFFC-E740-4365-AFFB-FB6309320C80}.AppStore|ARM.Build.0 = Debug|Any CPU
		{05DFEFFC-E740-4365-AFFB-FB6309320C80}.AppStore|iPhone.ActiveCfg = Debug|Any CPU
		{05DFEFFC-E740-4365-AFFB-FB6309320C80}.AppStore|iPhone.Build.0 = Debug|Any CPU
		{05DFEFFC-E740-4365-AFFB-FB6309320C80}.AppStore|iPhoneSimulator.ActiveCfg = Debug|Any CPU
		{05DFEFFC-E740-4365-AFFB-FB6309320C80}.AppStore|iPhoneSimulator.Build.0 = Debug|Any CPU
		{05DFEFFC-E740-4365-AFFB-FB6309320C80}.AppStore|x64.ActiveCfg = Debug|Any CPU
		{05DFEFFC-E740-4365-AFFB-FB6309320C80}.AppStore|x64.Build.0 = Debug|Any CPU
		{05DFEFFC-E740-4365-AFFB-FB6309320C80}.AppStore|x86.ActiveCfg = Debug|Any CPU
		{05DFEFFC-E740-4365-AFFB-FB6309320C80}.AppStore|x86.Build.0 = Debug|Any CPU
		{05DFEFFC-E740-4365-AFFB-FB6309320C80}.Debug|Any CPU.ActiveCfg = Debug|Any CPU
		{05DFEFFC-E740-4365-AFFB-FB6309320C80}.Debug|Any CPU.Build.0 = Debug|Any CPU
		{05DFEFFC-E740-4365-AFFB-FB6309320C80}.Debug|ARM.ActiveCfg = Debug|Any CPU
		{05DFEFFC-E740-4365-AFFB-FB6309320C80}.Debug|ARM.Build.0 = Debug|Any CPU
		{05DFEFFC-E740-4365-AFFB-FB6309320C80}.Debug|iPhone.ActiveCfg = Debug|Any CPU
		{05DFEFFC-E740-4365-AFFB-FB6309320C80}.Debug|iPhone.Build.0 = Debug|Any CPU
		{05DFEFFC-E740-4365-AFFB-FB6309320C80}.Debug|iPhoneSimulator.ActiveCfg = Debug|Any CPU
		{05DFEFFC-E740-4365-AFFB-FB6309320C80}.Debug|iPhoneSimulator.Build.0 = Debug|Any CPU
		{05DFEFFC-E740-4365-AFFB-FB6309320C80}.Debug|x64.ActiveCfg = Debug|Any CPU
		{05DFEFFC-E740-4365-AFFB-FB6309320C80}.Debug|x64.Build.0 = Debug|Any CPU
		{05DFEFFC-E740-4365-AFFB-FB6309320C80}.Debug|x86.ActiveCfg = Debug|Any CPU
		{05DFEFFC-E740-4365-AFFB-FB6309320C80}.Debug|x86.Build.0 = Debug|Any CPU
		{05DFEFFC-E740-4365-AFFB-FB6309320C80}.Release|Any CPU.ActiveCfg = Release|Any CPU
		{05DFEFFC-E740-4365-AFFB-FB6309320C80}.Release|Any CPU.Build.0 = Release|Any CPU
		{05DFEFFC-E740-4365-AFFB-FB6309320C80}.Release|ARM.ActiveCfg = Release|Any CPU
		{05DFEFFC-E740-4365-AFFB-FB6309320C80}.Release|ARM.Build.0 = Release|Any CPU
		{05DFEFFC-E740-4365-AFFB-FB6309320C80}.Release|iPhone.ActiveCfg = Release|Any CPU
		{05DFEFFC-E740-4365-AFFB-FB6309320C80}.Release|iPhone.Build.0 = Release|Any CPU
		{05DFEFFC-E740-4365-AFFB-FB6309320C80}.Release|iPhoneSimulator.ActiveCfg = Release|Any CPU
		{05DFEFFC-E740-4365-AFFB-FB6309320C80}.Release|iPhoneSimulator.Build.0 = Release|Any CPU
		{05DFEFFC-E740-4365-AFFB-FB6309320C80}.Release|x64.ActiveCfg = Release|Any CPU
		{05DFEFFC-E740-4365-AFFB-FB6309320C80}.Release|x64.Build.0 = Release|Any CPU
		{05DFEFFC-E740-4365-AFFB-FB6309320C80}.Release|x86.ActiveCfg = Release|Any CPU
		{05DFEFFC-E740-4365-AFFB-FB6309320C80}.Release|x86.Build.0 = Release|Any CPU
		{9920B10B-05AA-424B-8373-9112018FDC44}.Ad-Hoc|Any CPU.ActiveCfg = Debug|Any CPU
		{9920B10B-05AA-424B-8373-9112018FDC44}.Ad-Hoc|Any CPU.Build.0 = Debug|Any CPU
		{9920B10B-05AA-424B-8373-9112018FDC44}.Ad-Hoc|ARM.ActiveCfg = Debug|Any CPU
		{9920B10B-05AA-424B-8373-9112018FDC44}.Ad-Hoc|ARM.Build.0 = Debug|Any CPU
		{9920B10B-05AA-424B-8373-9112018FDC44}.Ad-Hoc|iPhone.ActiveCfg = Debug|Any CPU
		{9920B10B-05AA-424B-8373-9112018FDC44}.Ad-Hoc|iPhone.Build.0 = Debug|Any CPU
		{9920B10B-05AA-424B-8373-9112018FDC44}.Ad-Hoc|iPhoneSimulator.ActiveCfg = Debug|Any CPU
		{9920B10B-05AA-424B-8373-9112018FDC44}.Ad-Hoc|iPhoneSimulator.Build.0 = Debug|Any CPU
		{9920B10B-05AA-424B-8373-9112018FDC44}.Ad-Hoc|x64.ActiveCfg = Debug|Any CPU
		{9920B10B-05AA-424B-8373-9112018FDC44}.Ad-Hoc|x64.Build.0 = Debug|Any CPU
		{9920B10B-05AA-424B-8373-9112018FDC44}.Ad-Hoc|x86.ActiveCfg = Debug|Any CPU
		{9920B10B-05AA-424B-8373-9112018FDC44}.Ad-Hoc|x86.Build.0 = Debug|Any CPU
		{9920B10B-05AA-424B-8373-9112018FDC44}.AppStore|Any CPU.ActiveCfg = Debug|Any CPU
		{9920B10B-05AA-424B-8373-9112018FDC44}.AppStore|Any CPU.Build.0 = Debug|Any CPU
		{9920B10B-05AA-424B-8373-9112018FDC44}.AppStore|ARM.ActiveCfg = Debug|Any CPU
		{9920B10B-05AA-424B-8373-9112018FDC44}.AppStore|ARM.Build.0 = Debug|Any CPU
		{9920B10B-05AA-424B-8373-9112018FDC44}.AppStore|iPhone.ActiveCfg = Debug|Any CPU
		{9920B10B-05AA-424B-8373-9112018FDC44}.AppStore|iPhone.Build.0 = Debug|Any CPU
		{9920B10B-05AA-424B-8373-9112018FDC44}.AppStore|iPhoneSimulator.ActiveCfg = Debug|Any CPU
		{9920B10B-05AA-424B-8373-9112018FDC44}.AppStore|iPhoneSimulator.Build.0 = Debug|Any CPU
		{9920B10B-05AA-424B-8373-9112018FDC44}.AppStore|x64.ActiveCfg = Debug|Any CPU
		{9920B10B-05AA-424B-8373-9112018FDC44}.AppStore|x64.Build.0 = Debug|Any CPU
		{9920B10B-05AA-424B-8373-9112018FDC44}.AppStore|x86.ActiveCfg = Debug|Any CPU
		{9920B10B-05AA-424B-8373-9112018FDC44}.AppStore|x86.Build.0 = Debug|Any CPU
		{9920B10B-05AA-424B-8373-9112018FDC44}.Debug|Any CPU.ActiveCfg = Debug|Any CPU
		{9920B10B-05AA-424B-8373-9112018FDC44}.Debug|Any CPU.Build.0 = Debug|Any CPU
		{9920B10B-05AA-424B-8373-9112018FDC44}.Debug|ARM.ActiveCfg = Debug|Any CPU
		{9920B10B-05AA-424B-8373-9112018FDC44}.Debug|ARM.Build.0 = Debug|Any CPU
		{9920B10B-05AA-424B-8373-9112018FDC44}.Debug|iPhone.ActiveCfg = Debug|Any CPU
		{9920B10B-05AA-424B-8373-9112018FDC44}.Debug|iPhone.Build.0 = Debug|Any CPU
		{9920B10B-05AA-424B-8373-9112018FDC44}.Debug|iPhoneSimulator.ActiveCfg = Debug|Any CPU
		{9920B10B-05AA-424B-8373-9112018FDC44}.Debug|iPhoneSimulator.Build.0 = Debug|Any CPU
		{9920B10B-05AA-424B-8373-9112018FDC44}.Debug|x64.ActiveCfg = Debug|Any CPU
		{9920B10B-05AA-424B-8373-9112018FDC44}.Debug|x64.Build.0 = Debug|Any CPU
		{9920B10B-05AA-424B-8373-9112018FDC44}.Debug|x86.ActiveCfg = Debug|Any CPU
		{9920B10B-05AA-424B-8373-9112018FDC44}.Debug|x86.Build.0 = Debug|Any CPU
		{9920B10B-05AA-424B-8373-9112018FDC44}.Release|Any CPU.ActiveCfg = Release|Any CPU
		{9920B10B-05AA-424B-8373-9112018FDC44}.Release|Any CPU.Build.0 = Release|Any CPU
		{9920B10B-05AA-424B-8373-9112018FDC44}.Release|ARM.ActiveCfg = Release|Any CPU
		{9920B10B-05AA-424B-8373-9112018FDC44}.Release|ARM.Build.0 = Release|Any CPU
		{9920B10B-05AA-424B-8373-9112018FDC44}.Release|iPhone.ActiveCfg = Release|Any CPU
		{9920B10B-05AA-424B-8373-9112018FDC44}.Release|iPhone.Build.0 = Release|Any CPU
		{9920B10B-05AA-424B-8373-9112018FDC44}.Release|iPhoneSimulator.ActiveCfg = Release|Any CPU
		{9920B10B-05AA-424B-8373-9112018FDC44}.Release|iPhoneSimulator.Build.0 = Release|Any CPU
		{9920B10B-05AA-424B-8373-9112018FDC44}.Release|x64.ActiveCfg = Release|Any CPU
		{9920B10B-05AA-424B-8373-9112018FDC44}.Release|x64.Build.0 = Release|Any CPU
		{9920B10B-05AA-424B-8373-9112018FDC44}.Release|x86.ActiveCfg = Release|Any CPU
		{9920B10B-05AA-424B-8373-9112018FDC44}.Release|x86.Build.0 = Release|Any CPU
	EndGlobalSection
	GlobalSection(SolutionProperties) = preSolution
		HideSolutionNode = FALSE
	EndGlobalSection
	GlobalSection(ExtensibilityGlobals) = postSolution
		SolutionGuid = {BFA22BBE-D642-4D77-B82C-98A1564DEAEC}
	EndGlobalSection
EndGlobal
